
Microsoft Visual Studio Solution File, Format Version 12.00
# Visual Studio 14
VisualStudioVersion = 14.0.25123.0
MinimumVisualStudioVersion = 10.0.40219.1
Project("{FAE04EC0-301F-11D3-BF4B-00C04F79EFBC}") = "Sintaxis2", "Sintaxis2\Sintaxis2.csproj", "{5BDDBDB4-7DF6-442C-AF20-947497DA5DDE}"
EndProject
Project("{FAE04EC0-301F-11D3-BF4B-00C04F79EFBC}") = "Sintaxis3", "Sintaxis3\Sintaxis3.csproj", "{B69A980B-748A-4B0E-9914-347894254DDB}"
EndProject
Project("{FAE04EC0-301F-11D3-BF4B-00C04F79EFBC}") = "Sintaxis1", "Sintaxis1\Sintaxis1.csproj", "{08B48EA7-1F8D-45B4-BC2D-065283DBD3C7}"
EndProject
Project("{FAE04EC0-301F-11D3-BF4B-00C04F79EFBC}") = "Sintaxis4.1", "Sintaxis4.1\Sintaxis4.1.csproj", "{050951F7-449C-4FA3-87CA-4EF149E9E984}"
EndProject
Project("{FAE04EC0-301F-11D3-BF4B-00C04F79EFBC}") = "Sintaxis4.2", "Sintaxis4.2\Sintaxis4.2.csproj", "{425E9FD4-C43C-4853-A5CC-323FF6E6123D}"
EndProject
Project("{FAE04EC0-301F-11D3-BF4B-00C04F79EFBC}") = "Sintaxis4.3", "Sintaxis4.3\Sintaxis4.3.csproj", "{93B33FD7-5F42-4DB2-90C4-A031ED4DF34D}"
EndProject
Project("{FAE04EC0-301F-11D3-BF4B-00C04F79EFBC}") = "Sintaxis4.4", "Sintaxis4.4\Sintaxis4.4.csproj", "{85B89DAD-D749-43F0-914A-3EDD7013A355}"
EndProject
Project("{FAE04EC0-301F-11D3-BF4B-00C04F79EFBC}") = "Sintaxis4.5", "Sintaxis4.5\Sintaxis4.5.csproj", "{F0FADD3C-0BEA-4044-8AC1-5C9B02DDFDA3}"
EndProject
Global
	GlobalSection(SolutionConfigurationPlatforms) = preSolution
		Debug|Any CPU = Debug|Any CPU
		Release|Any CPU = Release|Any CPU
	EndGlobalSection
	GlobalSection(ProjectConfigurationPlatforms) = postSolution
		{5BDDBDB4-7DF6-442C-AF20-947497DA5DDE}.Debug|Any CPU.ActiveCfg = Debug|Any CPU
		{5BDDBDB4-7DF6-442C-AF20-947497DA5DDE}.Debug|Any CPU.Build.0 = Debug|Any CPU
		{5BDDBDB4-7DF6-442C-AF20-947497DA5DDE}.Release|Any CPU.ActiveCfg = Release|Any CPU
		{5BDDBDB4-7DF6-442C-AF20-947497DA5DDE}.Release|Any CPU.Build.0 = Release|Any CPU
		{B69A980B-748A-4B0E-9914-347894254DDB}.Debug|Any CPU.ActiveCfg = Debug|Any CPU
		{B69A980B-748A-4B0E-9914-347894254DDB}.Debug|Any CPU.Build.0 = Debug|Any CPU
		{B69A980B-748A-4B0E-9914-347894254DDB}.Release|Any CPU.ActiveCfg = Release|Any CPU
		{B69A980B-748A-4B0E-9914-347894254DDB}.Release|Any CPU.Build.0 = Release|Any CPU
		{08B48EA7-1F8D-45B4-BC2D-065283DBD3C7}.Debug|Any CPU.ActiveCfg = Debug|Any CPU
		{08B48EA7-1F8D-45B4-BC2D-065283DBD3C7}.Debug|Any CPU.Build.0 = Debug|Any CPU
		{08B48EA7-1F8D-45B4-BC2D-065283DBD3C7}.Release|Any CPU.ActiveCfg = Release|Any CPU
		{08B48EA7-1F8D-45B4-BC2D-065283DBD3C7}.Release|Any CPU.Build.0 = Release|Any CPU
		{050951F7-449C-4FA3-87CA-4EF149E9E984}.Debug|Any CPU.ActiveCfg = Debug|Any CPU
		{050951F7-449C-4FA3-87CA-4EF149E9E984}.Debug|Any CPU.Build.0 = Debug|Any CPU
		{050951F7-449C-4FA3-87CA-4EF149E9E984}.Release|Any CPU.ActiveCfg = Release|Any CPU
		{050951F7-449C-4FA3-87CA-4EF149E9E984}.Release|Any CPU.Build.0 = Release|Any CPU
		{425E9FD4-C43C-4853-A5CC-323FF6E6123D}.Debug|Any CPU.ActiveCfg = Debug|Any CPU
		{425E9FD4-C43C-4853-A5CC-323FF6E6123D}.Debug|Any CPU.Build.0 = Debug|Any CPU
		{425E9FD4-C43C-4853-A5CC-323FF6E6123D}.Release|Any CPU.ActiveCfg = Release|Any CPU
		{425E9FD4-C43C-4853-A5CC-323FF6E6123D}.Release|Any CPU.Build.0 = Release|Any CPU
		{93B33FD7-5F42-4DB2-90C4-A031ED4DF34D}.Debug|Any CPU.ActiveCfg = Debug|Any CPU
		{93B33FD7-5F42-4DB2-90C4-A031ED4DF34D}.Debug|Any CPU.Build.0 = Debug|Any CPU
		{93B33FD7-5F42-4DB2-90C4-A031ED4DF34D}.Release|Any CPU.ActiveCfg = Release|Any CPU
		{93B33FD7-5F42-4DB2-90C4-A031ED4DF34D}.Release|Any CPU.Build.0 = Release|Any CPU
		{85B89DAD-D749-43F0-914A-3EDD7013A355}.Debug|Any CPU.ActiveCfg = Debug|Any CPU
		{85B89DAD-D749-43F0-914A-3EDD7013A355}.Debug|Any CPU.Build.0 = Debug|Any CPU
		{85B89DAD-D749-43F0-914A-3EDD7013A355}.Release|Any CPU.ActiveCfg = Release|Any CPU
		{85B89DAD-D749-43F0-914A-3EDD7013A355}.Release|Any CPU.Build.0 = Release|Any CPU
		{F0FADD3C-0BEA-4044-8AC1-5C9B02DDFDA3}.Debug|Any CPU.ActiveCfg = Debug|Any CPU
		{F0FADD3C-0BEA-4044-8AC1-5C9B02DDFDA3}.Debug|Any CPU.Build.0 = Debug|Any CPU
		{F0FADD3C-0BEA-4044-8AC1-5C9B02DDFDA3}.Release|Any CPU.ActiveCfg = Release|Any CPU
		{F0FADD3C-0BEA-4044-8AC1-5C9B02DDFDA3}.Release|Any CPU.Build.0 = Release|Any CPU
	EndGlobalSection
	GlobalSection(SolutionProperties) = preSolution
		HideSolutionNode = FALSE
	EndGlobalSection
EndGlobal
